
Microsoft Visual Studio Solution File, Format Version 12.00
# Visual Studio Version 17
VisualStudioVersion = 17.2.32630.192
MinimumVisualStudioVersion = 10.0.40219.1
Project("{FAE04EC0-301F-11D3-BF4B-00C04F79EFBC}") = "Visual", "Visual\Visual.csproj", "{BEFF14D0-6EF4-456B-AAFB-0B04C3C09DD7}"
EndProject
Global
	GlobalSection(SolutionConfigurationPlatforms) = preSolution
		Debug|Any CPU = Debug|Any CPU
		Release|Any CPU = Release|Any CPU
	EndGlobalSection
	GlobalSection(ProjectConfigurationPlatforms) = postSolution
		{BEFF14D0-6EF4-456B-AAFB-0B04C3C09DD7}.Debug|Any CPU.ActiveCfg = Debug|Any CPU
		{BEFF14D0-6EF4-456B-AAFB-0B04C3C09DD7}.Debug|Any CPU.Build.0 = Debug|Any CPU
		{BEFF14D0-6EF4-456B-AAFB-0B04C3C09DD7}.Release|Any CPU.ActiveCfg = Release|Any CPU
		{BEFF14D0-6EF4-456B-AAFB-0B04C3C09DD7}.Release|Any CPU.Build.0 = Release|Any CPU
	EndGlobalSection
	GlobalSection(SolutionProperties) = preSolution
		HideSolutionNode = FALSE
	EndGlobalSection
	GlobalSection(ExtensibilityGlobals) = postSolution
		SolutionGuid = {30144BAD-B8BD-49A7-B63D-8DBE55278969}
	EndGlobalSection
EndGlobal
